
Microsoft Visual Studio Solution File, Format Version 12.00
# Visual Studio Version 17
VisualStudioVersion = 17.0.31903.59
MinimumVisualStudioVersion = 10.0.40219.1
Project("{2150E333-8FDC-42A3-9474-1A3956D46DE8}") = "src", "src", "{6D9E5EC9-FD3A-495E-8F72-81B9753E154C}"
EndProject
Project("{FAE04EC0-301F-11D3-BF4B-00C04F79EFBC}") = "PollForge.Api", "src\PollForge.Api\PollForge.Api.csproj", "{171D5BE5-91E0-4298-ACC5-8D07FB89CF07}"
EndProject
Project("{FAE04EC0-301F-11D3-BF4B-00C04F79EFBC}") = "PollForge.Application", "src\PollForge.Application\PollForge.Application.csproj", "{6D1AADB1-FD10-4CD5-8CAC-F6648B3298D6}"
EndProject
Project("{FAE04EC0-301F-11D3-BF4B-00C04F79EFBC}") = "PollForge.Contracts", "src\PollForge.Contracts\PollForge.Contracts.csproj", "{6A5E28E6-0E07-4A1A-BA6C-0705C17C134D}"
EndProject
Project("{FAE04EC0-301F-11D3-BF4B-00C04F79EFBC}") = "PollForge.Domain", "src\PollForge.Domain\PollForge.Domain.csproj", "{AE4F2636-B450-4E26-9B14-9102024E6332}"
EndProject
Project("{FAE04EC0-301F-11D3-BF4B-00C04F79EFBC}") = "PollForge.Infrastructure", "src\PollForge.Infrastructure\PollForge.Infrastructure.csproj", "{520F3B58-AB1A-4116-A7FE-68D10697AD27}"
EndProject
Global
	GlobalSection(SolutionConfigurationPlatforms) = preSolution
		Debug|Any CPU = Debug|Any CPU
		Release|Any CPU = Release|Any CPU
	EndGlobalSection
	GlobalSection(SolutionProperties) = preSolution
		HideSolutionNode = FALSE
	EndGlobalSection
	GlobalSection(ProjectConfigurationPlatforms) = postSolution
		{171D5BE5-91E0-4298-ACC5-8D07FB89CF07}.Debug|Any CPU.ActiveCfg = Debug|Any CPU
		{171D5BE5-91E0-4298-ACC5-8D07FB89CF07}.Debug|Any CPU.Build.0 = Debug|Any CPU
		{171D5BE5-91E0-4298-ACC5-8D07FB89CF07}.Release|Any CPU.ActiveCfg = Release|Any CPU
		{171D5BE5-91E0-4298-ACC5-8D07FB89CF07}.Release|Any CPU.Build.0 = Release|Any CPU
		{6D1AADB1-FD10-4CD5-8CAC-F6648B3298D6}.Debug|Any CPU.ActiveCfg = Debug|Any CPU
		{6D1AADB1-FD10-4CD5-8CAC-F6648B3298D6}.Debug|Any CPU.Build.0 = Debug|Any CPU
		{6D1AADB1-FD10-4CD5-8CAC-F6648B3298D6}.Release|Any CPU.ActiveCfg = Release|Any CPU
		{6D1AADB1-FD10-4CD5-8CAC-F6648B3298D6}.Release|Any CPU.Build.0 = Release|Any CPU
		{6A5E28E6-0E07-4A1A-BA6C-0705C17C134D}.Debug|Any CPU.ActiveCfg = Debug|Any CPU
		{6A5E28E6-0E07-4A1A-BA6C-0705C17C134D}.Debug|Any CPU.Build.0 = Debug|Any CPU
		{6A5E28E6-0E07-4A1A-BA6C-0705C17C134D}.Release|Any CPU.ActiveCfg = Release|Any CPU
		{6A5E28E6-0E07-4A1A-BA6C-0705C17C134D}.Release|Any CPU.Build.0 = Release|Any CPU
		{AE4F2636-B450-4E26-9B14-9102024E6332}.Debug|Any CPU.ActiveCfg = Debug|Any CPU
		{AE4F2636-B450-4E26-9B14-9102024E6332}.Debug|Any CPU.Build.0 = Debug|Any CPU
		{AE4F2636-B450-4E26-9B14-9102024E6332}.Release|Any CPU.ActiveCfg = Release|Any CPU
		{AE4F2636-B450-4E26-9B14-9102024E6332}.Release|Any CPU.Build.0 = Release|Any CPU
		{520F3B58-AB1A-4116-A7FE-68D10697AD27}.Debug|Any CPU.ActiveCfg = Debug|Any CPU
		{520F3B58-AB1A-4116-A7FE-68D10697AD27}.Debug|Any CPU.Build.0 = Debug|Any CPU
		{520F3B58-AB1A-4116-A7FE-68D10697AD27}.Release|Any CPU.ActiveCfg = Release|Any CPU
		{520F3B58-AB1A-4116-A7FE-68D10697AD27}.Release|Any CPU.Build.0 = Release|Any CPU
	EndGlobalSection
	GlobalSection(NestedProjects) = preSolution
		{171D5BE5-91E0-4298-ACC5-8D07FB89CF07} = {6D9E5EC9-FD3A-495E-8F72-81B9753E154C}
		{6D1AADB1-FD10-4CD5-8CAC-F6648B3298D6} = {6D9E5EC9-FD3A-495E-8F72-81B9753E154C}
		{6A5E28E6-0E07-4A1A-BA6C-0705C17C134D} = {6D9E5EC9-FD3A-495E-8F72-81B9753E154C}
		{AE4F2636-B450-4E26-9B14-9102024E6332} = {6D9E5EC9-FD3A-495E-8F72-81B9753E154C}
		{520F3B58-AB1A-4116-A7FE-68D10697AD27} = {6D9E5EC9-FD3A-495E-8F72-81B9753E154C}
	EndGlobalSection
EndGlobal
